
Microsoft Visual Studio Solution File, Format Version 12.00
# Visual Studio 2012
Project("{8BC9CEB8-8B4A-11D0-8D11-00A0C91BC942}") = "OpenPGPCsp", "OpenPGPCsp\OpenPGPCsp.vcxproj", "{30881663-1A22-4B84-B4C6-FDFC19712A0A}"
EndProject
Project("{8BC9CEB8-8B4A-11D0-8D11-00A0C91BC942}") = "OpenPGPSmartCardManager", "SmartCardManager\SmartCardManager.vcxproj", "{836C8245-0D9D-4CA7-B501-1FB955D09D30}"
	ProjectSection(ProjectDependencies) = postProject
		{30881663-1A22-4B84-B4C6-FDFC19712A0A} = {30881663-1A22-4B84-B4C6-FDFC19712A0A}
	EndProjectSection
EndProject
Project("{8BC9CEB8-8B4A-11D0-8D11-00A0C91BC942}") = "TestOpenPGPCsp", "TestOpenPGPCsp\TestOpenPGPCsp.vcxproj", "{0E84B76E-7A66-4331-8AA6-B09A35B54374}"
EndProject
Project("{930C7802-8A8C-48F9-8165-68863BCCD9DD}") = "SetupOpenPGPCsp", "SetupOpenPGPCsp\SetupOpenPGPCsp.wixproj", "{1BE9B1D2-61DA-46FA-8369-48DF1EC22728}"
	ProjectSection(ProjectDependencies) = postProject
		{836C8245-0D9D-4CA7-B501-1FB955D09D30} = {836C8245-0D9D-4CA7-B501-1FB955D09D30}
		{30881663-1A22-4B84-B4C6-FDFC19712A0A} = {30881663-1A22-4B84-B4C6-FDFC19712A0A}
	EndProjectSection
EndProject
Global
	GlobalSection(SolutionConfigurationPlatforms) = preSolution
		Debug|x64 = Debug|x64
		Debug|x86 = Debug|x86
		Release|x64 = Release|x64
		Release|x86 = Release|x86
	EndGlobalSection
	GlobalSection(ProjectConfigurationPlatforms) = postSolution
		{30881663-1A22-4B84-B4C6-FDFC19712A0A}.Debug|x64.ActiveCfg = Debug|x64
		{30881663-1A22-4B84-B4C6-FDFC19712A0A}.Debug|x64.Build.0 = Debug|x64
		{30881663-1A22-4B84-B4C6-FDFC19712A0A}.Debug|x64.Deploy.0 = Debug|x64
		{30881663-1A22-4B84-B4C6-FDFC19712A0A}.Debug|x86.ActiveCfg = Debug|Win32
		{30881663-1A22-4B84-B4C6-FDFC19712A0A}.Debug|x86.Build.0 = Debug|Win32
		{30881663-1A22-4B84-B4C6-FDFC19712A0A}.Debug|x86.Deploy.0 = Debug|Win32
		{30881663-1A22-4B84-B4C6-FDFC19712A0A}.Release|x64.ActiveCfg = Release|x64
		{30881663-1A22-4B84-B4C6-FDFC19712A0A}.Release|x64.Build.0 = Release|x64
		{30881663-1A22-4B84-B4C6-FDFC19712A0A}.Release|x86.ActiveCfg = Release|Win32
		{30881663-1A22-4B84-B4C6-FDFC19712A0A}.Release|x86.Build.0 = Release|Win32
		{30881663-1A22-4B84-B4C6-FDFC19712A0A}.Release|x86.Deploy.0 = Release|Win32
		{836C8245-0D9D-4CA7-B501-1FB955D09D30}.Debug|x64.ActiveCfg = Debug|x64
		{836C8245-0D9D-4CA7-B501-1FB955D09D30}.Debug|x64.Build.0 = Debug|x64
		{836C8245-0D9D-4CA7-B501-1FB955D09D30}.Debug|x64.Deploy.0 = Debug|x64
		{836C8245-0D9D-4CA7-B501-1FB955D09D30}.Debug|x86.ActiveCfg = Debug|Win32
		{836C8245-0D9D-4CA7-B501-1FB955D09D30}.Debug|x86.Build.0 = Debug|Win32
		{836C8245-0D9D-4CA7-B501-1FB955D09D30}.Debug|x86.Deploy.0 = Debug|Win32
		{836C8245-0D9D-4CA7-B501-1FB955D09D30}.Release|x64.ActiveCfg = Release|x64
		{836C8245-0D9D-4CA7-B501-1FB955D09D30}.Release|x64.Build.0 = Release|x64
		{836C8245-0D9D-4CA7-B501-1FB955D09D30}.Release|x64.Deploy.0 = Release|x64
		{836C8245-0D9D-4CA7-B501-1FB955D09D30}.Release|x86.ActiveCfg = Release|Win32
		{836C8245-0D9D-4CA7-B501-1FB955D09D30}.Release|x86.Build.0 = Release|Win32
		{836C8245-0D9D-4CA7-B501-1FB955D09D30}.Release|x86.Deploy.0 = Release|Win32
		{0E84B76E-7A66-4331-8AA6-B09A35B54374}.Debug|x64.ActiveCfg = Debug|x64
		{0E84B76E-7A66-4331-8AA6-B09A35B54374}.Debug|x64.Build.0 = Debug|x64
		{0E84B76E-7A66-4331-8AA6-B09A35B54374}.Debug|x64.Deploy.0 = Debug|x64
		{0E84B76E-7A66-4331-8AA6-B09A35B54374}.Debug|x86.ActiveCfg = Debug|Win32
		{0E84B76E-7A66-4331-8AA6-B09A35B54374}.Debug|x86.Build.0 = Debug|Win32
		{0E84B76E-7A66-4331-8AA6-B09A35B54374}.Debug|x86.Deploy.0 = Debug|Win32
		{0E84B76E-7A66-4331-8AA6-B09A35B54374}.Release|x64.ActiveCfg = Release|x64
		{0E84B76E-7A66-4331-8AA6-B09A35B54374}.Release|x64.Build.0 = Release|x64
		{0E84B76E-7A66-4331-8AA6-B09A35B54374}.Release|x64.Deploy.0 = Release|x64
		{0E84B76E-7A66-4331-8AA6-B09A35B54374}.Release|x86.ActiveCfg = Release|Win32
		{0E84B76E-7A66-4331-8AA6-B09A35B54374}.Release|x86.Build.0 = Release|Win32
		{0E84B76E-7A66-4331-8AA6-B09A35B54374}.Release|x86.Deploy.0 = Release|Win32
		{1BE9B1D2-61DA-46FA-8369-48DF1EC22728}.Debug|x64.ActiveCfg = Debug|x64
		{1BE9B1D2-61DA-46FA-8369-48DF1EC22728}.Debug|x86.ActiveCfg = Debug|x86
		{1BE9B1D2-61DA-46FA-8369-48DF1EC22728}.Release|x64.ActiveCfg = Release|x64
		{1BE9B1D2-61DA-46FA-8369-48DF1EC22728}.Release|x86.ActiveCfg = Release|x86
	EndGlobalSection
	GlobalSection(SolutionProperties) = preSolution
		HideSolutionNode = FALSE
	EndGlobalSection
EndGlobal
